// !$*UTF8*$!
{
	archiveVersion = 1;
	classes = {
	};
	objectVersion = 46;
	objects = {

/* Begin PBXBuildFile section */
		880CAE861F42817F00381464 /* AppDelegate.swift in Sources */ = {isa = PBXBuildFile; fileRef = 880CAE851F42817F00381464 /* AppDelegate.swift */; };
		880CAE881F42817F00381464 /* ViewController.swift in Sources */ = {isa = PBXBuildFile; fileRef = 880CAE871F42817F00381464 /* ViewController.swift */; };
		880CAE8B1F42817F00381464 /* Main.storyboard in Resources */ = {isa = PBXBuildFile; fileRef = 880CAE891F42817F00381464 /* Main.storyboard */; };
		880CAE8D1F42817F00381464 /* Assets.xcassets in Resources */ = {isa = PBXBuildFile; fileRef = 880CAE8C1F42817F00381464 /* Assets.xcassets */; };
		880CAE901F42817F00381464 /* LaunchScreen.storyboard in Resources */ = {isa = PBXBuildFile; fileRef = 880CAE8E1F42817F00381464 /* LaunchScreen.storyboard */; };
		88E355D01FD5768D00379F92 /* HttpTool.swift in Sources */ = {isa = PBXBuildFile; fileRef = 88E355CF1FD5768D00379F92 /* HttpTool.swift */; };
		9AC5D41F43E9C73DA88F9A97 /* Pods_ToolDemoS.framework in Frameworks */ = {isa = PBXBuildFile; fileRef = 970807A52AC07CD9EB13EE58 /* Pods_ToolDemoS.framework */; };
/* End PBXBuildFile section */

/* Begin PBXFileReference section */
		830EEB21B231FDBAA672805D /* Pods-ToolDemoS.debug.xcconfig */ = {isa = PBXFileReference; includeInIndex = 1; lastKnownFileType = text.xcconfig; name = "Pods-ToolDemoS.debug.xcconfig"; path = "Pods/Target Support Files/Pods-ToolDemoS/Pods-ToolDemoS.debug.xcconfig"; sourceTree = "<group>"; };
		880CAE821F42817F00381464 /* ToolDemoS.app */ = {isa = PBXFileReference; explicitFileType = wrapper.application; includeInIndex = 0; path = ToolDemoS.app; sourceTree = BUILT_PRODUCTS_DIR; };
		880CAE851F42817F00381464 /* AppDelegate.swift */ = {isa = PBXFileReference; lastKnownFileType = sourcecode.swift; path = AppDelegate.swift; sourceTree = "<group>"; };
		880CAE871F42817F00381464 /* ViewController.swift */ = {isa = PBXFileReference; lastKnownFileType = sourcecode.swift; path = ViewController.swift; sourceTree = "<group>"; };
		880CAE8A1F42817F00381464 /* Base */ = {isa = PBXFileReference; lastKnownFileType = file.storyboard; name = Base; path = Base.lproj/Main.storyboard; sourceTree = "<group>"; };
		880CAE8C1F42817F00381464 /* Assets.xcassets */ = {isa = PBXFileReference; lastKnownFileType = folder.assetcatalog; path = Assets.xcassets; sourceTree = "<group>"; };
		880CAE8F1F42817F00381464 /* Base */ = {isa = PBXFileReference; lastKnownFileType = file.storyboard; name = Base; path = Base.lproj/LaunchScreen.storyboard; sourceTree = "<group>"; };
		880CAE911F42817F00381464 /* Info.plist */ = {isa = PBXFileReference; lastKnownFileType = text.plist.xml; path = Info.plist; sourceTree = "<group>"; };
		88E355CF1FD5768D00379F92 /* HttpTool.swift */ = {isa = PBXFileReference; lastKnownFileType = sourcecode.swift; path = HttpTool.swift; sourceTree = "<group>"; };
		970807A52AC07CD9EB13EE58 /* Pods_ToolDemoS.framework */ = {isa = PBXFileReference; explicitFileType = wrapper.framework; includeInIndex = 0; path = Pods_ToolDemoS.framework; sourceTree = BUILT_PRODUCTS_DIR; };
		C71150787B0F85E19252E289 /* Pods-ToolDemoS.release.xcconfig */ = {isa = PBXFileReference; includeInIndex = 1; lastKnownFileType = text.xcconfig; name = "Pods-ToolDemoS.release.xcconfig"; path = "Pods/Target Support Files/Pods-ToolDemoS/Pods-ToolDemoS.release.xcconfig"; sourceTree = "<group>"; };
/* End PBXFileReference section */

/* Begin PBXFrameworksBuildPhase section */
		880CAE7F1F42817F00381464 /* Frameworks */ = {
			isa = PBXFrameworksBuildPhase;
			buildActionMask = 2147483647;
			files = (
				9AC5D41F43E9C73DA88F9A97 /* Pods_ToolDemoS.framework in Frameworks */,
			);
			runOnlyForDeploymentPostprocessing = 0;
		};
/* End PBXFrameworksBuildPhase section */

/* Begin PBXGroup section */
		880CAE791F42817F00381464 = {
			isa = PBXGroup;
			children = (
				880CAE841F42817F00381464 /* ToolDemoS */,
				880CAE831F42817F00381464 /* Products */,
				D144A265C8E4EEB918073752 /* Pods */,
				D8F9DA2AC3CD89FC63722967 /* Frameworks */,
			);
			sourceTree = "<group>";
		};
		880CAE831F42817F00381464 /* Products */ = {
			isa = PBXGroup;
			children = (
				880CAE821F42817F00381464 /* ToolDemoS.app */,
			);
			name = Products;
			sourceTree = "<group>";
		};
		880CAE841F42817F00381464 /* ToolDemoS */ = {
			isa = PBXGroup;
			children = (
				880CAE851F42817F00381464 /* AppDelegate.swift */,
				880CAE871F42817F00381464 /* ViewController.swift */,
				88E355CF1FD5768D00379F92 /* HttpTool.swift */,
				880CAE891F42817F00381464 /* Main.storyboard */,
				880CAE8C1F42817F00381464 /* Assets.xcassets */,
				880CAE8E1F42817F00381464 /* LaunchScreen.storyboard */,
				880CAE911F42817F00381464 /* Info.plist */,
			);
			path = ToolDemoS;
			sourceTree = "<group>";
		};
		D144A265C8E4EEB918073752 /* Pods */ = {
			isa = PBXGroup;
			children = (
				830EEB21B231FDBAA672805D /* Pods-ToolDemoS.debug.xcconfig */,
				C71150787B0F85E19252E289 /* Pods-ToolDemoS.release.xcconfig */,
			);
			name = Pods;
			sourceTree = "<group>";
		};
		D8F9DA2AC3CD89FC63722967 /* Frameworks */ = {
			isa = PBXGroup;
			children = (
				970807A52AC07CD9EB13EE58 /* Pods_ToolDemoS.framework */,
			);
			name = Frameworks;
			sourceTree = "<group>";
		};
/* End PBXGroup section */

/* Begin PBXNativeTarget section */
		880CAE811F42817F00381464 /* ToolDemoS */ = {
			isa = PBXNativeTarget;
			buildConfigurationList = 880CAE941F42817F00381464 /* Build configuration list for PBXNativeTarget "ToolDemoS" */;
			buildPhases = (
				5CB708857EB4A16BD408F253 /* [CP] Check Pods Manifest.lock */,
				880CAE7E1F42817F00381464 /* Sources */,
				880CAE7F1F42817F00381464 /* Frameworks */,
				880CAE801F42817F00381464 /* Resources */,
				2EE764E5CC9897922C28EC48 /* [CP] Embed Pods Frameworks */,
				CAD32E03D68F6A5D6EAD37E4 /* [CP] Copy Pods Resources */,
			);
			buildRules = (
			);
			dependencies = (
			);
			name = ToolDemoS;
			productName = ToolDemoS;
			productReference = 880CAE821F42817F00381464 /* ToolDemoS.app */;
			productType = "com.apple.product-type.application";
		};
/* End PBXNativeTarget section */

/* Begin PBXProject section */
		880CAE7A1F42817F00381464 /* Project object */ = {
			isa = PBXProject;
			attributes = {
				LastSwiftUpdateCheck = 0830;
				LastUpgradeCheck = 0830;
				ORGANIZATIONNAME = "马光然";
				TargetAttributes = {
					880CAE811F42817F00381464 = {
						CreatedOnToolsVersion = 8.3.3;
						DevelopmentTeam = 8A9229XDKC;
						ProvisioningStyle = Automatic;
					};
				};
			};
			buildConfigurationList = 880CAE7D1F42817F00381464 /* Build configuration list for PBXProject "ToolDemoS" */;
			compatibilityVersion = "Xcode 3.2";
			developmentRegion = English;
			hasScannedForEncodings = 0;
			knownRegions = (
				en,
				Base,
			);
			mainGroup = 880CAE791F42817F00381464;
			productRefGroup = 880CAE831F42817F00381464 /* Products */;
			projectDirPath = "";
			projectRoot = "";
			targets = (
				880CAE811F42817F00381464 /* ToolDemoS */,
			);
		};
/* End PBXProject section */

/* Begin PBXResourcesBuildPhase section */
		880CAE801F42817F00381464 /* Resources */ = {
			isa = PBXResourcesBuildPhase;
			buildActionMask = 2147483647;
			files = (
				880CAE901F42817F00381464 /* LaunchScreen.storyboard in Resources */,
				880CAE8D1F42817F00381464 /* Assets.xcassets in Resources */,
				880CAE8B1F42817F00381464 /* Main.storyboard in Resources */,
			);
			runOnlyForDeploymentPostprocessing = 0;
		};
/* End PBXResourcesBuildPhase section */

/* Begin PBXShellScriptBuildPhase section */
		2EE764E5CC9897922C28EC48 /* [CP] Embed Pods Frameworks */ = {
			isa = PBXShellScriptBuildPhase;
			buildActionMask = 2147483647;
			files = (
			);
			inputPaths = (
			);
			name = "[CP] Embed Pods Frameworks";
			outputPaths = (
			);
			runOnlyForDeploymentPostprocessing = 0;
			shellPath = /bin/sh;
			shellScript = "\"${SRCROOT}/Pods/Target Support Files/Pods-ToolDemoS/Pods-ToolDemoS-frameworks.sh\"\n";
			showEnvVarsInLog = 0;
		};
		5CB708857EB4A16BD408F253 /* [CP] Check Pods Manifest.lock */ = {
			isa = PBXShellScriptBuildPhase;
			buildActionMask = 2147483647;
			files = (
			);
			inputPaths = (
			);
			name = "[CP] Check Pods Manifest.lock";
			outputPaths = (
			);
			runOnlyForDeploymentPostprocessing = 0;
			shellPath = /bin/sh;
			shellScript = "diff \"${PODS_ROOT}/../Podfile.lock\" \"${PODS_ROOT}/Manifest.lock\" > /dev/null\nif [ $? != 0 ] ; then\n    # print error to STDERR\n    echo \"error: The sandbox is not in sync with the Podfile.lock. Run 'pod install' or update your CocoaPods installation.\" >&2\n    exit 1\nfi\n";
			showEnvVarsInLog = 0;
		};
		CAD32E03D68F6A5D6EAD37E4 /* [CP] Copy Pods Resources */ = {
			isa = PBXShellScriptBuildPhase;
			buildActionMask = 2147483647;
			files = (
			);
			inputPaths = (
			);
			name = "[CP] Copy Pods Resources";
			outputPaths = (
			);
			runOnlyForDeploymentPostprocessing = 0;
			shellPath = /bin/sh;
			shellScript = "\"${SRCROOT}/Pods/Target Support Files/Pods-ToolDemoS/Pods-ToolDemoS-resources.sh\"\n";
			showEnvVarsInLog = 0;
		};
/* End PBXShellScriptBuildPhase section */

/* Begin PBXSourcesBuildPhase section */
		880CAE7E1F42817F00381464 /* Sources */ = {
			isa = PBXSourcesBuildPhase;
			buildActionMask = 2147483647;
			files = (
				88E355D01FD5768D00379F92 /* HttpTool.swift in Sources */,
				880CAE881F42817F00381464 /* ViewController.swift in Sources */,
				880CAE861F42817F00381464 /* AppDelegate.swift in Sources */,
			);
			runOnlyForDeploymentPostprocessing = 0;
		};
/* End PBXSourcesBuildPhase section */

/* Begin PBXVariantGroup section */
		880CAE891F42817F00381464 /* Main.storyboard */ = {
			isa = PBXVariantGroup;
			children = (
				880CAE8A1F42817F00381464 /* Base */,
			);
			name = Main.storyboard;
			sourceTree = "<group>";
		};
		880CAE8E1F42817F00381464 /* LaunchScreen.storyboard */ = {
			isa = PBXVariantGroup;
			children = (
				880CAE8F1F42817F00381464 /* Base */,
			);
			name = LaunchScreen.storyboard;
			sourceTree = "<group>";
		};
/* End PBXVariantGroup section */

/* Begin XCBuildConfiguration section */
		880CAE921F42817F00381464 /* Debug */ = {
			isa = XCBuildConfiguration;
			buildSettings = {
				ALWAYS_SEARCH_USER_PATHS = NO;
				CLANG_ANALYZER_NONNULL = YES;
				CLANG_ANALYZER_NUMBER_OBJECT_CONVERSION = YES_AGGRESSIVE;
				CLANG_CXX_LANGUAGE_STANDARD = "gnu++0x";
				CLANG_CXX_LIBRARY = "libc++";
				CLANG_ENABLE_MODULES = YES;
				CLANG_ENABLE_OBJC_ARC = YES;
				CLANG_WARN_BOOL_CONVERSION = YES;
				CLANG_WARN_CONSTANT_CONVERSION = YES;
				CLANG_WARN_DIRECT_OBJC_ISA_USAGE = YES_ERROR;
				CLANG_WARN_DOCUMENTATION_COMMENTS = YES;
				CLANG_WARN_EMPTY_BODY = YES;
				CLANG_WARN_ENUM_CONVERSION = YES;
				CLANG_WARN_INFINITE_RECURSION = YES;
				CLANG_WARN_INT_CONVERSION = YES;
				CLANG_WARN_OBJC_ROOT_CLASS = YES_ERROR;
				CLANG_WARN_SUSPICIOUS_MOVE = YES;
				CLANG_WARN_UNREACHABLE_CODE = YES;
				CLANG_WARN__DUPLICATE_METHOD_MATCH = YES;
				"CODE_SIGN_IDENTITY[sdk=iphoneos*]" = "iPhone Developer";
				COPY_PHASE_STRIP = NO;
				DEBUG_INFORMATION_FORMAT = dwarf;
				ENABLE_STRICT_OBJC_MSGSEND = YES;
				ENABLE_TESTABILITY = YES;
				GCC_C_LANGUAGE_STANDARD = gnu99;
				GCC_DYNAMIC_NO_PIC = NO;
				GCC_NO_COMMON_BLOCKS = YES;
				GCC_OPTIMIZATION_LEVEL = 0;
				GCC_PREPROCESSOR_DEFINITIONS = (
					"DEBUG=1",
					"$(inherited)",
				);
				GCC_WARN_64_TO_32_BIT_CONVERSION = YES;
				GCC_WARN_ABOUT_RETURN_TYPE = YES_ERROR;
				GCC_WARN_UNDECLARED_SELECTOR = YES;
				GCC_WARN_UNINITIALIZED_AUTOS = YES_AGGRESSIVE;
				GCC_WARN_UNUSED_FUNCTION = YES;
				GCC_WARN_UNUSED_VARIABLE = YES;
				IPHONEOS_DEPLOYMENT_TARGET = 10.3;
				MTL_ENABLE_DEBUG_INFO = YES;
				ONLY_ACTIVE_ARCH = YES;
				SDKROOT = iphoneos;
				SWIFT_ACTIVE_COMPILATION_CONDITIONS = DEBUG;
				SWIFT_OPTIMIZATION_LEVEL = "-Onone";
			};
			name = Debug;
		};
		880CAE931F42817F00381464 /* Release */ = {
			isa = XCBuildConfiguration;
			buildSettings = {
				ALWAYS_SEARCH_USER_PATHS = NO;
				CLANG_ANALYZER_NONNULL = YES;
				CLANG_ANALYZER_NUMBER_OBJECT_CONVERSION = YES_AGGRESSIVE;
				CLANG_CXX_LANGUAGE_STANDARD = "gnu++0x";
				CLANG_CXX_LIBRARY = "libc++";
				CLANG_ENABLE_MODULES = YES;
				CLANG_ENABLE_OBJC_ARC = YES;
				CLANG_WARN_BOOL_CONVERSION = YES;
				CLANG_WARN_CONSTANT_CONVERSION = YES;
				CLANG_WARN_DIRECT_OBJC_ISA_USAGE = YES_ERROR;
				CLANG_WARN_DOCUMENTATION_COMMENTS = YES;
				CLANG_WARN_EMPTY_BODY = YES;
				CLANG_WARN_ENUM_CONVERSION = YES;
				CLANG_WARN_INFINITE_RECURSION = YES;
				CLANG_WARN_INT_CONVERSION = YES;
				CLANG_WARN_OBJC_ROOT_CLASS = YES_ERROR;
				CLANG_WARN_SUSPICIOUS_MOVE = YES;
				CLANG_WARN_UNREACHABLE_CODE = YES;
				CLANG_WARN__DUPLICATE_METHOD_MATCH = YES;
				"CODE_SIGN_IDENTITY[sdk=iphoneos*]" = "iPhone Developer";
				COPY_PHASE_STRIP = NO;
				DEBUG_INFORMATION_FORMAT = "dwarf-with-dsym";
				ENABLE_NS_ASSERTIONS = NO;
				ENABLE_STRICT_OBJC_MSGSEND = YES;
				GCC_C_LANGUAGE_STANDARD = gnu99;
				GCC_NO_COMMON_BLOCKS = YES;
				GCC_WARN_64_TO_32_BIT_CONVERSION = YES;
				GCC_WARN_ABOUT_RETURN_TYPE = YES_ERROR;
				GCC_WARN_UNDECLARED_SELECTOR = YES;
				GCC_WARN_UNINITIALIZED_AUTOS = YES_AGGRESSIVE;
				GCC_WARN_UNUSED_FUNCTION = YES;
				GCC_WARN_UNUSED_VARIABLE = YES;
				IPHONEOS_DEPLOYMENT_TARGET = 10.3;
				MTL_ENABLE_DEBUG_INFO = NO;
				SDKROOT = iphoneos;
				SWIFT_OPTIMIZATION_LEVEL = "-Owholemodule";
				VALIDATE_PRODUCT = YES;
			};
			name = Release;
		};
		880CAE951F42817F00381464 /* Debug */ = {
			isa = XCBuildConfiguration;
			baseConfigurationReference = 830EEB21B231FDBAA672805D /* Pods-ToolDemoS.debug.xcconfig */;
			buildSettings = {
				ASSETCATALOG_COMPILER_APPICON_NAME = AppIcon;
				DEVELOPMENT_TEAM = 8A9229XDKC;
				INFOPLIST_FILE = ToolDemoS/Info.plist;
				LD_RUNPATH_SEARCH_PATHS = "$(inherited) @executable_path/Frameworks";
				PRODUCT_BUNDLE_IDENTIFIER = c.s.m.ToolDemoS;
				PRODUCT_NAME = "$(TARGET_NAME)";
				SWIFT_VERSION = 3.0;
			};
			name = Debug;
		};
		880CAE961F42817F00381464 /* Release */ = {
			isa = XCBuildConfiguration;
			baseConfigurationReference = C71150787B0F85E19252E289 /* Pods-ToolDemoS.release.xcconfig */;
			buildSettings = {
				ASSETCATALOG_COMPILER_APPICON_NAME = AppIcon;
				DEVELOPMENT_TEAM = 8A9229XDKC;
				INFOPLIST_FILE = ToolDemoS/Info.plist;
				LD_RUNPATH_SEARCH_PATHS = "$(inherited) @executable_path/Frameworks";
				PRODUCT_BUNDLE_IDENTIFIER = c.s.m.ToolDemoS;
				PRODUCT_NAME = "$(TARGET_NAME)";
				SWIFT_VERSION = 3.0;
			};
			name = Release;
		};
/* End XCBuildConfiguration section */

/* Begin XCConfigurationList section */
		880CAE7D1F42817F00381464 /* Build configuration list for PBXProject "ToolDemoS" */ = {
			isa = XCConfigurationList;
			buildConfigurations = (
				880CAE921F42817F00381464 /* Debug */,
				880CAE931F42817F00381464 /* Release */,
			);
			defaultConfigurationIsVisible = 0;
			defaultConfigurationName = Release;
		};
		880CAE941F42817F00381464 /* Build configuration list for PBXNativeTarget "ToolDemoS" */ = {
			isa = XCConfigurationList;
			buildConfigurations = (
				880CAE951F42817F00381464 /* Debug */,
				880CAE961F42817F00381464 /* Release */,
			);
			defaultConfigurationIsVisible = 0;
			defaultConfigurationName = Release;
		};
/* End XCConfigurationList section */
	};
	rootObject = 880CAE7A1F42817F00381464 /* Project object */;
}
